
Microsoft Visual Studio Solution File, Format Version 12.00
# Visual Studio Version 17
VisualStudioVersion = 17.4.33213.308
MinimumVisualStudioVersion = 10.0.40219.1
Project("{FAE04EC0-301F-11D3-BF4B-00C04F79EFBC}") = "hangman", "hangman.csproj", "{80990EB2-AC99-4C9E-BE0C-132CCC725FE9}"
EndProject
Global
	GlobalSection(SolutionConfigurationPlatforms) = preSolution
		Debug|Any CPU = Debug|Any CPU
		Release|Any CPU = Release|Any CPU
	EndGlobalSection
	GlobalSection(ProjectConfigurationPlatforms) = postSolution
		{80990EB2-AC99-4C9E-BE0C-132CCC725FE9}.Debug|Any CPU.ActiveCfg = Debug|Any CPU
		{80990EB2-AC99-4C9E-BE0C-132CCC725FE9}.Debug|Any CPU.Build.0 = Debug|Any CPU
		{80990EB2-AC99-4C9E-BE0C-132CCC725FE9}.Release|Any CPU.ActiveCfg = Release|Any CPU
		{80990EB2-AC99-4C9E-BE0C-132CCC725FE9}.Release|Any CPU.Build.0 = Release|Any CPU
	EndGlobalSection
	GlobalSection(SolutionProperties) = preSolution
		HideSolutionNode = FALSE
	EndGlobalSection
	GlobalSection(ExtensibilityGlobals) = postSolution
		SolutionGuid = {D59D131C-8C75-4B88-B32C-1DDA9D8B5162}
	EndGlobalSection
EndGlobal
